// !$*UTF8*$!
{
	archiveVersion = 1;
	classes = {
	};
	objectVersion = 56;
	objects = {

/* Begin PBXBuildFile section */
		3A77201529A650810061A8F7 /* appleFrameworksAPPApp.swift in Sources */ = {isa = PBXBuildFile; fileRef = 3A77201429A650810061A8F7 /* appleFrameworksAPPApp.swift */; };
		3A77201929A650820061A8F7 /* Assets.xcassets in Resources */ = {isa = PBXBuildFile; fileRef = 3A77201829A650820061A8F7 /* Assets.xcassets */; };
		3A77201C29A650820061A8F7 /* Preview Assets.xcassets in Resources */ = {isa = PBXBuildFile; fileRef = 3A77201B29A650820061A8F7 /* Preview Assets.xcassets */; };
		3A77202329A650FD0061A8F7 /* Framework.swift in Sources */ = {isa = PBXBuildFile; fileRef = 3A77202229A650FD0061A8F7 /* Framework.swift */; };
		3A77202529A653010061A8F7 /* FrameworkGridView.swift in Sources */ = {isa = PBXBuildFile; fileRef = 3A77202429A653010061A8F7 /* FrameworkGridView.swift */; };
		3AB2354529ACEDD20016F49D /* FrameworkDetailView.swift in Sources */ = {isa = PBXBuildFile; fileRef = 3AB2354429ACEDD20016F49D /* FrameworkDetailView.swift */; };
		3AB2354929ACF17A0016F49D /* AFButton.swift in Sources */ = {isa = PBXBuildFile; fileRef = 3AB2354829ACF17A0016F49D /* AFButton.swift */; };
		3AB2354B29ACF5EF0016F49D /* FrameworkGridViewModel.swift in Sources */ = {isa = PBXBuildFile; fileRef = 3AB2354A29ACF5EF0016F49D /* FrameworkGridViewModel.swift */; };
		3AB2354D29ACFBB50016F49D /* SafariView.swift in Sources */ = {isa = PBXBuildFile; fileRef = 3AB2354C29ACFBB50016F49D /* SafariView.swift */; };
		3AB2354F29AD049F0016F49D /* FrameworkTitleView.swift in Sources */ = {isa = PBXBuildFile; fileRef = 3AB2354E29AD049F0016F49D /* FrameworkTitleView.swift */; };
		3AB2355129AD05F70016F49D /* XDismissButton.swift in Sources */ = {isa = PBXBuildFile; fileRef = 3AB2355029AD05F70016F49D /* XDismissButton.swift */; };
/* End PBXBuildFile section */

/* Begin PBXFileReference section */
		3A77201129A650810061A8F7 /* appleFrameworksAPP.app */ = {isa = PBXFileReference; explicitFileType = wrapper.application; includeInIndex = 0; path = appleFrameworksAPP.app; sourceTree = BUILT_PRODUCTS_DIR; };
		3A77201429A650810061A8F7 /* appleFrameworksAPPApp.swift */ = {isa = PBXFileReference; lastKnownFileType = sourcecode.swift; path = appleFrameworksAPPApp.swift; sourceTree = "<group>"; };
		3A77201829A650820061A8F7 /* Assets.xcassets */ = {isa = PBXFileReference; lastKnownFileType = folder.assetcatalog; path = Assets.xcassets; sourceTree = "<group>"; };
		3A77201B29A650820061A8F7 /* Preview Assets.xcassets */ = {isa = PBXFileReference; lastKnownFileType = folder.assetcatalog; path = "Preview Assets.xcassets"; sourceTree = "<group>"; };
		3A77202229A650FD0061A8F7 /* Framework.swift */ = {isa = PBXFileReference; lastKnownFileType = sourcecode.swift; path = Framework.swift; sourceTree = "<group>"; };
		3A77202429A653010061A8F7 /* FrameworkGridView.swift */ = {isa = PBXFileReference; lastKnownFileType = sourcecode.swift; path = FrameworkGridView.swift; sourceTree = "<group>"; };
		3AB2354429ACEDD20016F49D /* FrameworkDetailView.swift */ = {isa = PBXFileReference; lastKnownFileType = sourcecode.swift; path = FrameworkDetailView.swift; sourceTree = "<group>"; };
		3AB2354829ACF17A0016F49D /* AFButton.swift */ = {isa = PBXFileReference; lastKnownFileType = sourcecode.swift; path = AFButton.swift; sourceTree = "<group>"; };
		3AB2354A29ACF5EF0016F49D /* FrameworkGridViewModel.swift */ = {isa = PBXFileReference; lastKnownFileType = sourcecode.swift; path = FrameworkGridViewModel.swift; sourceTree = "<group>"; };
		3AB2354C29ACFBB50016F49D /* SafariView.swift */ = {isa = PBXFileReference; lastKnownFileType = sourcecode.swift; path = SafariView.swift; sourceTree = "<group>"; };
		3AB2354E29AD049F0016F49D /* FrameworkTitleView.swift */ = {isa = PBXFileReference; lastKnownFileType = sourcecode.swift; path = FrameworkTitleView.swift; sourceTree = "<group>"; };
		3AB2355029AD05F70016F49D /* XDismissButton.swift */ = {isa = PBXFileReference; lastKnownFileType = sourcecode.swift; path = XDismissButton.swift; sourceTree = "<group>"; };
/* End PBXFileReference section */

/* Begin PBXFrameworksBuildPhase section */
		3A77200E29A650810061A8F7 /* Frameworks */ = {
			isa = PBXFrameworksBuildPhase;
			buildActionMask = 2147483647;
			files = (
			);
			runOnlyForDeploymentPostprocessing = 0;
		};
/* End PBXFrameworksBuildPhase section */

/* Begin PBXGroup section */
		3A77200829A650810061A8F7 = {
			isa = PBXGroup;
			children = (
				3A77201329A650810061A8F7 /* appleFrameworksAPP */,
				3A77201229A650810061A8F7 /* Products */,
			);
			sourceTree = "<group>";
		};
		3A77201229A650810061A8F7 /* Products */ = {
			isa = PBXGroup;
			children = (
				3A77201129A650810061A8F7 /* appleFrameworksAPP.app */,
			);
			name = Products;
			sourceTree = "<group>";
		};
		3A77201329A650810061A8F7 /* appleFrameworksAPP */ = {
			isa = PBXGroup;
			children = (
				3AB2355929AD0A320016F49D /* UIKit Components */,
				3AB2355629AD09C70016F49D /* Views */,
				3AB2355529AD098B0016F49D /* Model */,
				3AB2355229AD09160016F49D /* Screens */,
				3A77201429A650810061A8F7 /* appleFrameworksAPPApp.swift */,
				3A77201829A650820061A8F7 /* Assets.xcassets */,
				3A77201A29A650820061A8F7 /* Preview Content */,
			);
			path = appleFrameworksAPP;
			sourceTree = "<group>";
		};
		3A77201A29A650820061A8F7 /* Preview Content */ = {
			isa = PBXGroup;
			children = (
				3A77201B29A650820061A8F7 /* Preview Assets.xcassets */,
			);
			path = "Preview Content";
			sourceTree = "<group>";
		};
		3AB2355229AD09160016F49D /* Screens */ = {
			isa = PBXGroup;
			children = (
				3AB2355329AD091F0016F49D /* FrameworkGridView */,
				3AB2355429AD094E0016F49D /* FrameworkDetailView */,
			);
			path = Screens;
			sourceTree = "<group>";
		};
		3AB2355329AD091F0016F49D /* FrameworkGridView */ = {
			isa = PBXGroup;
			children = (
				3A77202429A653010061A8F7 /* FrameworkGridView.swift */,
				3AB2354A29ACF5EF0016F49D /* FrameworkGridViewModel.swift */,
			);
			path = FrameworkGridView;
			sourceTree = "<group>";
		};
		3AB2355429AD094E0016F49D /* FrameworkDetailView */ = {
			isa = PBXGroup;
			children = (
				3AB2354429ACEDD20016F49D /* FrameworkDetailView.swift */,
			);
			path = FrameworkDetailView;
			sourceTree = "<group>";
		};
		3AB2355529AD098B0016F49D /* Model */ = {
			isa = PBXGroup;
			children = (
				3A77202229A650FD0061A8F7 /* Framework.swift */,
			);
			path = Model;
			sourceTree = "<group>";
		};
		3AB2355629AD09C70016F49D /* Views */ = {
			isa = PBXGroup;
			children = (
				3AB2355829AD0A050016F49D /* View */,
				3AB2355729AD09D60016F49D /* Buttons */,
			);
			path = Views;
			sourceTree = "<group>";
		};
		3AB2355729AD09D60016F49D /* Buttons */ = {
			isa = PBXGroup;
			children = (
				3AB2354829ACF17A0016F49D /* AFButton.swift */,
				3AB2355029AD05F70016F49D /* XDismissButton.swift */,
			);
			path = Buttons;
			sourceTree = "<group>";
		};
		3AB2355829AD0A050016F49D /* View */ = {
			isa = PBXGroup;
			children = (
				3AB2354E29AD049F0016F49D /* FrameworkTitleView.swift */,
			);
			path = View;
			sourceTree = "<group>";
		};
		3AB2355929AD0A320016F49D /* UIKit Components */ = {
			isa = PBXGroup;
			children = (
				3AB2354C29ACFBB50016F49D /* SafariView.swift */,
			);
			path = "UIKit Components";
			sourceTree = "<group>";
		};
/* End PBXGroup section */

/* Begin PBXNativeTarget section */
		3A77201029A650810061A8F7 /* appleFrameworksAPP */ = {
			isa = PBXNativeTarget;
			buildConfigurationList = 3A77201F29A650820061A8F7 /* Build configuration list for PBXNativeTarget "appleFrameworksAPP" */;
			buildPhases = (
				3A77200D29A650810061A8F7 /* Sources */,
				3A77200E29A650810061A8F7 /* Frameworks */,
				3A77200F29A650810061A8F7 /* Resources */,
			);
			buildRules = (
			);
			dependencies = (
			);
			name = appleFrameworksAPP;
			productName = appleFrameworksAPP;
			productReference = 3A77201129A650810061A8F7 /* appleFrameworksAPP.app */;
			productType = "com.apple.product-type.application";
		};
/* End PBXNativeTarget section */

/* Begin PBXProject section */
		3A77200929A650810061A8F7 /* Project object */ = {
			isa = PBXProject;
			attributes = {
				BuildIndependentTargetsInParallel = 1;
				LastSwiftUpdateCheck = 1420;
				LastUpgradeCheck = 1420;
				TargetAttributes = {
					3A77201029A650810061A8F7 = {
						CreatedOnToolsVersion = 14.2;
					};
				};
			};
			buildConfigurationList = 3A77200C29A650810061A8F7 /* Build configuration list for PBXProject "appleFrameworksAPP" */;
			compatibilityVersion = "Xcode 14.0";
			developmentRegion = en;
			hasScannedForEncodings = 0;
			knownRegions = (
				en,
				Base,
			);
			mainGroup = 3A77200829A650810061A8F7;
			productRefGroup = 3A77201229A650810061A8F7 /* Products */;
			projectDirPath = "";
			projectRoot = "";
			targets = (
				3A77201029A650810061A8F7 /* appleFrameworksAPP */,
			);
		};
/* End PBXProject section */

/* Begin PBXResourcesBuildPhase section */
		3A77200F29A650810061A8F7 /* Resources */ = {
			isa = PBXResourcesBuildPhase;
			buildActionMask = 2147483647;
			files = (
				3A77201C29A650820061A8F7 /* Preview Assets.xcassets in Resources */,
				3A77201929A650820061A8F7 /* Assets.xcassets in Resources */,
			);
			runOnlyForDeploymentPostprocessing = 0;
		};
/* End PBXResourcesBuildPhase section */

/* Begin PBXSourcesBuildPhase section */
		3A77200D29A650810061A8F7 /* Sources */ = {
			isa = PBXSourcesBuildPhase;
			buildActionMask = 2147483647;
			files = (
				3AB2354529ACEDD20016F49D /* FrameworkDetailView.swift in Sources */,
				3A77202529A653010061A8F7 /* FrameworkGridView.swift in Sources */,
				3AB2355129AD05F70016F49D /* XDismissButton.swift in Sources */,
				3A77202329A650FD0061A8F7 /* Framework.swift in Sources */,
				3AB2354929ACF17A0016F49D /* AFButton.swift in Sources */,
				3A77201529A650810061A8F7 /* appleFrameworksAPPApp.swift in Sources */,
				3AB2354B29ACF5EF0016F49D /* FrameworkGridViewModel.swift in Sources */,
				3AB2354F29AD049F0016F49D /* FrameworkTitleView.swift in Sources */,
				3AB2354D29ACFBB50016F49D /* SafariView.swift in Sources */,
			);
			runOnlyForDeploymentPostprocessing = 0;
		};
/* End PBXSourcesBuildPhase section */

/* Begin XCBuildConfiguration section */
		3A77201D29A650820061A8F7 /* Debug */ = {
			isa = XCBuildConfiguration;
			buildSettings = {
				ALWAYS_SEARCH_USER_PATHS = NO;
				CLANG_ANALYZER_NONNULL = YES;
				CLANG_ANALYZER_NUMBER_OBJECT_CONVERSION = YES_AGGRESSIVE;
				CLANG_CXX_LANGUAGE_STANDARD = "gnu++20";
				CLANG_ENABLE_MODULES = YES;
				CLANG_ENABLE_OBJC_ARC = YES;
				CLANG_ENABLE_OBJC_WEAK = YES;
				CLANG_WARN_BLOCK_CAPTURE_AUTORELEASING = YES;
				CLANG_WARN_BOOL_CONVERSION = YES;
				CLANG_WARN_COMMA = YES;
				CLANG_WARN_CONSTANT_CONVERSION = YES;
				CLANG_WARN_DEPRECATED_OBJC_IMPLEMENTATIONS = YES;
				CLANG_WARN_DIRECT_OBJC_ISA_USAGE = YES_ERROR;
				CLANG_WARN_DOCUMENTATION_COMMENTS = YES;
				CLANG_WARN_EMPTY_BODY = YES;
				CLANG_WARN_ENUM_CONVERSION = YES;
				CLANG_WARN_INFINITE_RECURSION = YES;
				CLANG_WARN_INT_CONVERSION = YES;
				CLANG_WARN_NON_LITERAL_NULL_CONVERSION = YES;
				CLANG_WARN_OBJC_IMPLICIT_RETAIN_SELF = YES;
				CLANG_WARN_OBJC_LITERAL_CONVERSION = YES;
				CLANG_WARN_OBJC_ROOT_CLASS = YES_ERROR;
				CLANG_WARN_QUOTED_INCLUDE_IN_FRAMEWORK_HEADER = YES;
				CLANG_WARN_RANGE_LOOP_ANALYSIS = YES;
				CLANG_WARN_STRICT_PROTOTYPES = YES;
				CLANG_WARN_SUSPICIOUS_MOVE = YES;
				CLANG_WARN_UNGUARDED_AVAILABILITY = YES_AGGRESSIVE;
				CLANG_WARN_UNREACHABLE_CODE = YES;
				CLANG_WARN__DUPLICATE_METHOD_MATCH = YES;
				COPY_PHASE_STRIP = NO;
				DEBUG_INFORMATION_FORMAT = dwarf;
				ENABLE_STRICT_OBJC_MSGSEND = YES;
				ENABLE_TESTABILITY = YES;
				GCC_C_LANGUAGE_STANDARD = gnu11;
				GCC_DYNAMIC_NO_PIC = NO;
				GCC_NO_COMMON_BLOCKS = YES;
				GCC_OPTIMIZATION_LEVEL = 0;
				GCC_PREPROCESSOR_DEFINITIONS = (
					"DEBUG=1",
					"$(inherited)",
				);
				GCC_WARN_64_TO_32_BIT_CONVERSION = YES;
				GCC_WARN_ABOUT_RETURN_TYPE = YES_ERROR;
				GCC_WARN_UNDECLARED_SELECTOR = YES;
				GCC_WARN_UNINITIALIZED_AUTOS = YES_AGGRESSIVE;
				GCC_WARN_UNUSED_FUNCTION = YES;
				GCC_WARN_UNUSED_VARIABLE = YES;
				IPHONEOS_DEPLOYMENT_TARGET = 16.2;
				MTL_ENABLE_DEBUG_INFO = INCLUDE_SOURCE;
				MTL_FAST_MATH = YES;
				ONLY_ACTIVE_ARCH = YES;
				SDKROOT = iphoneos;
				SWIFT_ACTIVE_COMPILATION_CONDITIONS = DEBUG;
				SWIFT_OPTIMIZATION_LEVEL = "-Onone";
			};
			name = Debug;
		};
		3A77201E29A650820061A8F7 /* Release */ = {
			isa = XCBuildConfiguration;
			buildSettings = {
				ALWAYS_SEARCH_USER_PATHS = NO;
				CLANG_ANALYZER_NONNULL = YES;
				CLANG_ANALYZER_NUMBER_OBJECT_CONVERSION = YES_AGGRESSIVE;
				CLANG_CXX_LANGUAGE_STANDARD = "gnu++20";
				CLANG_ENABLE_MODULES = YES;
				CLANG_ENABLE_OBJC_ARC = YES;
				CLANG_ENABLE_OBJC_WEAK = YES;
				CLANG_WARN_BLOCK_CAPTURE_AUTORELEASING = YES;
				CLANG_WARN_BOOL_CONVERSION = YES;
				CLANG_WARN_COMMA = YES;
				CLANG_WARN_CONSTANT_CONVERSION = YES;
				CLANG_WARN_DEPRECATED_OBJC_IMPLEMENTATIONS = YES;
				CLANG_WARN_DIRECT_OBJC_ISA_USAGE = YES_ERROR;
				CLANG_WARN_DOCUMENTATION_COMMENTS = YES;
				CLANG_WARN_EMPTY_BODY = YES;
				CLANG_WARN_ENUM_CONVERSION = YES;
				CLANG_WARN_INFINITE_RECURSION = YES;
				CLANG_WARN_INT_CONVERSION = YES;
				CLANG_WARN_NON_LITERAL_NULL_CONVERSION = YES;
				CLANG_WARN_OBJC_IMPLICIT_RETAIN_SELF = YES;
				CLANG_WARN_OBJC_LITERAL_CONVERSION = YES;
				CLANG_WARN_OBJC_ROOT_CLASS = YES_ERROR;
				CLANG_WARN_QUOTED_INCLUDE_IN_FRAMEWORK_HEADER = YES;
				CLANG_WARN_RANGE_LOOP_ANALYSIS = YES;
				CLANG_WARN_STRICT_PROTOTYPES = YES;
				CLANG_WARN_SUSPICIOUS_MOVE = YES;
				CLANG_WARN_UNGUARDED_AVAILABILITY = YES_AGGRESSIVE;
				CLANG_WARN_UNREACHABLE_CODE = YES;
				CLANG_WARN__DUPLICATE_METHOD_MATCH = YES;
				COPY_PHASE_STRIP = NO;
				DEBUG_INFORMATION_FORMAT = "dwarf-with-dsym";
				ENABLE_NS_ASSERTIONS = NO;
				ENABLE_STRICT_OBJC_MSGSEND = YES;
				GCC_C_LANGUAGE_STANDARD = gnu11;
				GCC_NO_COMMON_BLOCKS = YES;
				GCC_WARN_64_TO_32_BIT_CONVERSION = YES;
				GCC_WARN_ABOUT_RETURN_TYPE = YES_ERROR;
				GCC_WARN_UNDECLARED_SELECTOR = YES;
				GCC_WARN_UNINITIALIZED_AUTOS = YES_AGGRESSIVE;
				GCC_WARN_UNUSED_FUNCTION = YES;
				GCC_WARN_UNUSED_VARIABLE = YES;
				IPHONEOS_DEPLOYMENT_TARGET = 16.2;
				MTL_ENABLE_DEBUG_INFO = NO;
				MTL_FAST_MATH = YES;
				SDKROOT = iphoneos;
				SWIFT_COMPILATION_MODE = wholemodule;
				SWIFT_OPTIMIZATION_LEVEL = "-O";
				VALIDATE_PRODUCT = YES;
			};
			name = Release;
		};
		3A77202029A650820061A8F7 /* Debug */ = {
			isa = XCBuildConfiguration;
			buildSettings = {
				ASSETCATALOG_COMPILER_APPICON_NAME = AppIcon;
				ASSETCATALOG_COMPILER_GLOBAL_ACCENT_COLOR_NAME = AccentColor;
				CODE_SIGN_STYLE = Automatic;
				CURRENT_PROJECT_VERSION = 1;
				DEVELOPMENT_ASSET_PATHS = "\"appleFrameworksAPP/Preview Content\"";
				DEVELOPMENT_TEAM = X26KRUA5SY;
				ENABLE_PREVIEWS = YES;
				GENERATE_INFOPLIST_FILE = YES;
				INFOPLIST_KEY_UIApplicationSceneManifest_Generation = YES;
				INFOPLIST_KEY_UIApplicationSupportsIndirectInputEvents = YES;
				INFOPLIST_KEY_UILaunchScreen_Generation = YES;
				INFOPLIST_KEY_UISupportedInterfaceOrientations_iPad = "UIInterfaceOrientationPortrait UIInterfaceOrientationPortraitUpsideDown UIInterfaceOrientationLandscapeLeft UIInterfaceOrientationLandscapeRight";
				INFOPLIST_KEY_UISupportedInterfaceOrientations_iPhone = "UIInterfaceOrientationPortrait UIInterfaceOrientationLandscapeLeft UIInterfaceOrientationLandscapeRight";
				LD_RUNPATH_SEARCH_PATHS = (
					"$(inherited)",
					"@executable_path/Frameworks",
				);
				MARKETING_VERSION = 1.0;
				PRODUCT_BUNDLE_IDENTIFIER = wesleyprado.appleFrameworksAPP;
				PRODUCT_NAME = "$(TARGET_NAME)";
				SWIFT_EMIT_LOC_STRINGS = YES;
				SWIFT_VERSION = 5.0;
				TARGETED_DEVICE_FAMILY = "1,2";
			};
			name = Debug;
		};
		3A77202129A650820061A8F7 /* Release */ = {
			isa = XCBuildConfiguration;
			buildSettings = {
				ASSETCATALOG_COMPILER_APPICON_NAME = AppIcon;
				ASSETCATALOG_COMPILER_GLOBAL_ACCENT_COLOR_NAME = AccentColor;
				CODE_SIGN_STYLE = Automatic;
				CURRENT_PROJECT_VERSION = 1;
				DEVELOPMENT_ASSET_PATHS = "\"appleFrameworksAPP/Preview Content\"";
				DEVELOPMENT_TEAM = X26KRUA5SY;
				ENABLE_PREVIEWS = YES;
				GENERATE_INFOPLIST_FILE = YES;
				INFOPLIST_KEY_UIApplicationSceneManifest_Generation = YES;
				INFOPLIST_KEY_UIApplicationSupportsIndirectInputEvents = YES;
				INFOPLIST_KEY_UILaunchScreen_Generation = YES;
				INFOPLIST_KEY_UISupportedInterfaceOrientations_iPad = "UIInterfaceOrientationPortrait UIInterfaceOrientationPortraitUpsideDown UIInterfaceOrientationLandscapeLeft UIInterfaceOrientationLandscapeRight";
				INFOPLIST_KEY_UISupportedInterfaceOrientations_iPhone = "UIInterfaceOrientationPortrait UIInterfaceOrientationLandscapeLeft UIInterfaceOrientationLandscapeRight";
				LD_RUNPATH_SEARCH_PATHS = (
					"$(inherited)",
					"@executable_path/Frameworks",
				);
				MARKETING_VERSION = 1.0;
				PRODUCT_BUNDLE_IDENTIFIER = wesleyprado.appleFrameworksAPP;
				PRODUCT_NAME = "$(TARGET_NAME)";
				SWIFT_EMIT_LOC_STRINGS = YES;
				SWIFT_VERSION = 5.0;
				TARGETED_DEVICE_FAMILY = "1,2";
			};
			name = Release;
		};
/* End XCBuildConfiguration section */

/* Begin XCConfigurationList section */
		3A77200C29A650810061A8F7 /* Build configuration list for PBXProject "appleFrameworksAPP" */ = {
			isa = XCConfigurationList;
			buildConfigurations = (
				3A77201D29A650820061A8F7 /* Debug */,
				3A77201E29A650820061A8F7 /* Release */,
			);
			defaultConfigurationIsVisible = 0;
			defaultConfigurationName = Release;
		};
		3A77201F29A650820061A8F7 /* Build configuration list for PBXNativeTarget "appleFrameworksAPP" */ = {
			isa = XCConfigurationList;
			buildConfigurations = (
				3A77202029A650820061A8F7 /* Debug */,
				3A77202129A650820061A8F7 /* Release */,
			);
			defaultConfigurationIsVisible = 0;
			defaultConfigurationName = Release;
		};
/* End XCConfigurationList section */
	};
	rootObject = 3A77200929A650810061A8F7 /* Project object */;
}
